
Microsoft Visual Studio Solution File, Format Version 12.00
# Visual Studio Version 17
VisualStudioVersion = 17.0.31903.59
MinimumVisualStudioVersion = 10.0.40219.1
Project("{FAE04EC0-301F-11D3-BF4B-00C04F79EFBC}") = "NativePayload_DIM", "NativePayload_DIM\NativePayload_DIM.csproj", "{CA61123C-8939-4FEB-BD98-8DEFB416E67C}"
EndProject
Global
	GlobalSection(SolutionConfigurationPlatforms) = preSolution
		Debug|Any CPU = Debug|Any CPU
		Release|Any CPU = Release|Any CPU
	EndGlobalSection
	GlobalSection(ProjectConfigurationPlatforms) = postSolution
		{CA61123C-8939-4FEB-BD98-8DEFB416E67C}.Debug|Any CPU.ActiveCfg = Debug|Any CPU
		{CA61123C-8939-4FEB-BD98-8DEFB416E67C}.Debug|Any CPU.Build.0 = Debug|Any CPU
		{CA61123C-8939-4FEB-BD98-8DEFB416E67C}.Release|Any CPU.ActiveCfg = Release|Any CPU
		{CA61123C-8939-4FEB-BD98-8DEFB416E67C}.Release|Any CPU.Build.0 = Release|Any CPU
	EndGlobalSection
	GlobalSection(SolutionProperties) = preSolution
		HideSolutionNode = FALSE
	EndGlobalSection
	GlobalSection(ExtensibilityGlobals) = postSolution
		SolutionGuid = {B4E96476-4941-4628-94D6-308A5DCEFC0B}
	EndGlobalSection
EndGlobal
